
Microsoft Visual Studio Solution File, Format Version 12.00
# Visual Studio Version 17
VisualStudioVersion = 17.3.32825.248
MinimumVisualStudioVersion = 10.0.40219.1
Project("{9A19103F-16F7-4668-BE54-9A1E7A4F7556}") = "AngularTest", "AngularTest\AngularTest.csproj", "{F474FA38-5566-4806-BB78-87B311F73FAB}"
EndProject
Global
	GlobalSection(SolutionConfigurationPlatforms) = preSolution
		Debug|Any CPU = Debug|Any CPU
		Release|Any CPU = Release|Any CPU
	EndGlobalSection
	GlobalSection(ProjectConfigurationPlatforms) = postSolution
		{F474FA38-5566-4806-BB78-87B311F73FAB}.Debug|Any CPU.ActiveCfg = Debug|Any CPU
		{F474FA38-5566-4806-BB78-87B311F73FAB}.Debug|Any CPU.Build.0 = Debug|Any CPU
		{F474FA38-5566-4806-BB78-87B311F73FAB}.Release|Any CPU.ActiveCfg = Release|Any CPU
		{F474FA38-5566-4806-BB78-87B311F73FAB}.Release|Any CPU.Build.0 = Release|Any CPU
	EndGlobalSection
	GlobalSection(SolutionProperties) = preSolution
		HideSolutionNode = FALSE
	EndGlobalSection
	GlobalSection(ExtensibilityGlobals) = postSolution
		SolutionGuid = {C6C92312-75CB-44E1-9C7D-256D851C56CB}
	EndGlobalSection
EndGlobal
